// !$*UTF8*$!
{
	archiveVersion = 1;
	classes = {
	};
	objectVersion = 46;
	objects = {

/* Begin PBXBuildFile section */
		9937D78D15328D6100AEF65E /* UIKit.framework in Frameworks */ = {isa = PBXBuildFile; fileRef = 9937D78C15328D6100AEF65E /* UIKit.framework */; };
		9937D78F15328D6100AEF65E /* Foundation.framework in Frameworks */ = {isa = PBXBuildFile; fileRef = 9937D78E15328D6100AEF65E /* Foundation.framework */; };
		9937D79115328D6100AEF65E /* CoreGraphics.framework in Frameworks */ = {isa = PBXBuildFile; fileRef = 9937D79015328D6100AEF65E /* CoreGraphics.framework */; };
		9937D79715328D6100AEF65E /* InfoPlist.strings in Resources */ = {isa = PBXBuildFile; fileRef = 9937D79515328D6100AEF65E /* InfoPlist.strings */; };
		9937D79915328D6100AEF65E /* main.m in Sources */ = {isa = PBXBuildFile; fileRef = 9937D79815328D6100AEF65E /* main.m */; };
		9937D79D15328D6100AEF65E /* CalculatorAppDelegate.m in Sources */ = {isa = PBXBuildFile; fileRef = 9937D79C15328D6100AEF65E /* CalculatorAppDelegate.m */; };
		9937D7A015328D6100AEF65E /* MainStoryboard.storyboard in Resources */ = {isa = PBXBuildFile; fileRef = 9937D79E15328D6100AEF65E /* MainStoryboard.storyboard */; };
		9937D7A315328D6100AEF65E /* CalculatorViewController.m in Sources */ = {isa = PBXBuildFile; fileRef = 9937D7A215328D6100AEF65E /* CalculatorViewController.m */; };
		9937D7AB1532981100AEF65E /* CalculatorBrain.m in Sources */ = {isa = PBXBuildFile; fileRef = 9937D7AA1532981100AEF65E /* CalculatorBrain.m */; };
/* End PBXBuildFile section */

/* Begin PBXFileReference section */
		9937D78815328D6100AEF65E /* Calculator.app */ = {isa = PBXFileReference; explicitFileType = wrapper.application; includeInIndex = 0; path = Calculator.app; sourceTree = BUILT_PRODUCTS_DIR; };
		9937D78C15328D6100AEF65E /* UIKit.framework */ = {isa = PBXFileReference; lastKnownFileType = wrapper.framework; name = UIKit.framework; path = System/Library/Frameworks/UIKit.framework; sourceTree = SDKROOT; };
		9937D78E15328D6100AEF65E /* Foundation.framework */ = {isa = PBXFileReference; lastKnownFileType = wrapper.framework; name = Foundation.framework; path = System/Library/Frameworks/Foundation.framework; sourceTree = SDKROOT; };
		9937D79015328D6100AEF65E /* CoreGraphics.framework */ = {isa = PBXFileReference; lastKnownFileType = wrapper.framework; name = CoreGraphics.framework; path = System/Library/Frameworks/CoreGraphics.framework; sourceTree = SDKROOT; };
		9937D79415328D6100AEF65E /* Calculator-Info.plist */ = {isa = PBXFileReference; lastKnownFileType = text.plist.xml; path = "Calculator-Info.plist"; sourceTree = "<group>"; };
		9937D79615328D6100AEF65E /* en */ = {isa = PBXFileReference; lastKnownFileType = text.plist.strings; name = en; path = en.lproj/InfoPlist.strings; sourceTree = "<group>"; };
		9937D79815328D6100AEF65E /* main.m */ = {isa = PBXFileReference; lastKnownFileType = sourcecode.c.objc; path = main.m; sourceTree = "<group>"; };
		9937D79A15328D6100AEF65E /* Calculator-Prefix.pch */ = {isa = PBXFileReference; lastKnownFileType = sourcecode.c.h; path = "Calculator-Prefix.pch"; sourceTree = "<group>"; };
		9937D79B15328D6100AEF65E /* CalculatorAppDelegate.h */ = {isa = PBXFileReference; lastKnownFileType = sourcecode.c.h; path = CalculatorAppDelegate.h; sourceTree = "<group>"; };
		9937D79C15328D6100AEF65E /* CalculatorAppDelegate.m */ = {isa = PBXFileReference; lastKnownFileType = sourcecode.c.objc; path = CalculatorAppDelegate.m; sourceTree = "<group>"; };
		9937D79F15328D6100AEF65E /* en */ = {isa = PBXFileReference; lastKnownFileType = file.storyboard; name = en; path = en.lproj/MainStoryboard.storyboard; sourceTree = "<group>"; };
		9937D7A115328D6100AEF65E /* CalculatorViewController.h */ = {isa = PBXFileReference; lastKnownFileType = sourcecode.c.h; path = CalculatorViewController.h; sourceTree = "<group>"; };
		9937D7A215328D6100AEF65E /* CalculatorViewController.m */ = {isa = PBXFileReference; lastKnownFileType = sourcecode.c.objc; path = CalculatorViewController.m; sourceTree = "<group>"; };
		9937D7A91532981100AEF65E /* CalculatorBrain.h */ = {isa = PBXFileReference; fileEncoding = 4; lastKnownFileType = sourcecode.c.h; path = CalculatorBrain.h; sourceTree = "<group>"; };
		9937D7AA1532981100AEF65E /* CalculatorBrain.m */ = {isa = PBXFileReference; fileEncoding = 4; lastKnownFileType = sourcecode.c.objc; path = CalculatorBrain.m; sourceTree = "<group>"; };
/* End PBXFileReference section */

/* Begin PBXFrameworksBuildPhase section */
		9937D78515328D6100AEF65E /* Frameworks */ = {
			isa = PBXFrameworksBuildPhase;
			buildActionMask = 2147483647;
			files = (
				9937D78D15328D6100AEF65E /* UIKit.framework in Frameworks */,
				9937D78F15328D6100AEF65E /* Foundation.framework in Frameworks */,
				9937D79115328D6100AEF65E /* CoreGraphics.framework in Frameworks */,
			);
			runOnlyForDeploymentPostprocessing = 0;
		};
/* End PBXFrameworksBuildPhase section */

/* Begin PBXGroup section */
		9937D77D15328D6100AEF65E = {
			isa = PBXGroup;
			children = (
				9937D79215328D6100AEF65E /* Calculator */,
				9937D78B15328D6100AEF65E /* Frameworks */,
				9937D78915328D6100AEF65E /* Products */,
			);
			sourceTree = "<group>";
		};
		9937D78915328D6100AEF65E /* Products */ = {
			isa = PBXGroup;
			children = (
				9937D78815328D6100AEF65E /* Calculator.app */,
			);
			name = Products;
			sourceTree = "<group>";
		};
		9937D78B15328D6100AEF65E /* Frameworks */ = {
			isa = PBXGroup;
			children = (
				9937D78C15328D6100AEF65E /* UIKit.framework */,
				9937D78E15328D6100AEF65E /* Foundation.framework */,
				9937D79015328D6100AEF65E /* CoreGraphics.framework */,
			);
			name = Frameworks;
			sourceTree = "<group>";
		};
		9937D79215328D6100AEF65E /* Calculator */ = {
			isa = PBXGroup;
			children = (
				9937D79B15328D6100AEF65E /* CalculatorAppDelegate.h */,
				9937D79C15328D6100AEF65E /* CalculatorAppDelegate.m */,
				9937D79E15328D6100AEF65E /* MainStoryboard.storyboard */,
				9937D7A91532981100AEF65E /* CalculatorBrain.h */,
				9937D7AA1532981100AEF65E /* CalculatorBrain.m */,
				9937D7A115328D6100AEF65E /* CalculatorViewController.h */,
				9937D7A215328D6100AEF65E /* CalculatorViewController.m */,
				9937D79315328D6100AEF65E /* Supporting Files */,
			);
			path = Calculator;
			sourceTree = "<group>";
		};
		9937D79315328D6100AEF65E /* Supporting Files */ = {
			isa = PBXGroup;
			children = (
				9937D79415328D6100AEF65E /* Calculator-Info.plist */,
				9937D79515328D6100AEF65E /* InfoPlist.strings */,
				9937D79815328D6100AEF65E /* main.m */,
				9937D79A15328D6100AEF65E /* Calculator-Prefix.pch */,
			);
			name = "Supporting Files";
			sourceTree = "<group>";
		};
/* End PBXGroup section */

/* Begin PBXNativeTarget section */
		9937D78715328D6100AEF65E /* Calculator */ = {
			isa = PBXNativeTarget;
			buildConfigurationList = 9937D7A615328D6100AEF65E /* Build configuration list for PBXNativeTarget "Calculator" */;
			buildPhases = (
				9937D78415328D6100AEF65E /* Sources */,
				9937D78515328D6100AEF65E /* Frameworks */,
				9937D78615328D6100AEF65E /* Resources */,
			);
			buildRules = (
			);
			dependencies = (
			);
			name = Calculator;
			productName = Calculator;
			productReference = 9937D78815328D6100AEF65E /* Calculator.app */;
			productType = "com.apple.product-type.application";
		};
/* End PBXNativeTarget section */

/* Begin PBXProject section */
		9937D77F15328D6100AEF65E /* Project object */ = {
			isa = PBXProject;
			attributes = {
				CLASSPREFIX = Calculator;
				LastUpgradeCheck = 0430;
			};
			buildConfigurationList = 9937D78215328D6100AEF65E /* Build configuration list for PBXProject "Calculator" */;
			compatibilityVersion = "Xcode 3.2";
			developmentRegion = English;
			hasScannedForEncodings = 0;
			knownRegions = (
				en,
			);
			mainGroup = 9937D77D15328D6100AEF65E;
			productRefGroup = 9937D78915328D6100AEF65E /* Products */;
			projectDirPath = "";
			projectRoot = "";
			targets = (
				9937D78715328D6100AEF65E /* Calculator */,
			);
		};
/* End PBXProject section */

/* Begin PBXResourcesBuildPhase section */
		9937D78615328D6100AEF65E /* Resources */ = {
			isa = PBXResourcesBuildPhase;
			buildActionMask = 2147483647;
			files = (
				9937D79715328D6100AEF65E /* InfoPlist.strings in Resources */,
				9937D7A015328D6100AEF65E /* MainStoryboard.storyboard in Resources */,
			);
			runOnlyForDeploymentPostprocessing = 0;
		};
/* End PBXResourcesBuildPhase section */

/* Begin PBXSourcesBuildPhase section */
		9937D78415328D6100AEF65E /* Sources */ = {
			isa = PBXSourcesBuildPhase;
			buildActionMask = 2147483647;
			files = (
				9937D79915328D6100AEF65E /* main.m in Sources */,
				9937D79D15328D6100AEF65E /* CalculatorAppDelegate.m in Sources */,
				9937D7A315328D6100AEF65E /* CalculatorViewController.m in Sources */,
				9937D7AB1532981100AEF65E /* CalculatorBrain.m in Sources */,
			);
			runOnlyForDeploymentPostprocessing = 0;
		};
/* End PBXSourcesBuildPhase section */

/* Begin PBXVariantGroup section */
		9937D79515328D6100AEF65E /* InfoPlist.strings */ = {
			isa = PBXVariantGroup;
			children = (
				9937D79615328D6100AEF65E /* en */,
			);
			name = InfoPlist.strings;
			sourceTree = "<group>";
		};
		9937D79E15328D6100AEF65E /* MainStoryboard.storyboard */ = {
			isa = PBXVariantGroup;
			children = (
				9937D79F15328D6100AEF65E /* en */,
			);
			name = MainStoryboard.storyboard;
			sourceTree = "<group>";
		};
/* End PBXVariantGroup section */

/* Begin XCBuildConfiguration section */
		9937D7A415328D6100AEF65E /* Debug */ = {
			isa = XCBuildConfiguration;
			buildSettings = {
				ALWAYS_SEARCH_USER_PATHS = NO;
				ARCHS = "$(ARCHS_STANDARD_32_BIT)";
				CLANG_ENABLE_OBJC_ARC = YES;
				"CODE_SIGN_IDENTITY[sdk=iphoneos*]" = "iPhone Developer";
				COPY_PHASE_STRIP = NO;
				GCC_C_LANGUAGE_STANDARD = gnu99;
				GCC_DYNAMIC_NO_PIC = NO;
				GCC_OPTIMIZATION_LEVEL = 0;
				GCC_PREPROCESSOR_DEFINITIONS = (
					"DEBUG=1",
					"$(inherited)",
				);
				GCC_SYMBOLS_PRIVATE_EXTERN = NO;
				GCC_VERSION = com.apple.compilers.llvm.clang.1_0;
				GCC_WARN_ABOUT_RETURN_TYPE = YES;
				GCC_WARN_UNINITIALIZED_AUTOS = YES;
				GCC_WARN_UNUSED_VARIABLE = YES;
				IPHONEOS_DEPLOYMENT_TARGET = 5.1;
				SDKROOT = iphoneos;
			};
			name = Debug;
		};
		9937D7A515328D6100AEF65E /* Release */ = {
			isa = XCBuildConfiguration;
			buildSettings = {
				ALWAYS_SEARCH_USER_PATHS = NO;
				ARCHS = "$(ARCHS_STANDARD_32_BIT)";
				CLANG_ENABLE_OBJC_ARC = YES;
				"CODE_SIGN_IDENTITY[sdk=iphoneos*]" = "iPhone Developer";
				COPY_PHASE_STRIP = YES;
				GCC_C_LANGUAGE_STANDARD = gnu99;
				GCC_VERSION = com.apple.compilers.llvm.clang.1_0;
				GCC_WARN_ABOUT_RETURN_TYPE = YES;
				GCC_WARN_UNINITIALIZED_AUTOS = YES;
				GCC_WARN_UNUSED_VARIABLE = YES;
				IPHONEOS_DEPLOYMENT_TARGET = 5.1;
				OTHER_CFLAGS = "-DNS_BLOCK_ASSERTIONS=1";
				SDKROOT = iphoneos;
				VALIDATE_PRODUCT = YES;
			};
			name = Release;
		};
		9937D7A715328D6100AEF65E /* Debug */ = {
			isa = XCBuildConfiguration;
			buildSettings = {
				GCC_PRECOMPILE_PREFIX_HEADER = YES;
				GCC_PREFIX_HEADER = "Calculator/Calculator-Prefix.pch";
				INFOPLIST_FILE = "Calculator/Calculator-Info.plist";
				PRODUCT_NAME = "$(TARGET_NAME)";
				WRAPPER_EXTENSION = app;
			};
			name = Debug;
		};
		9937D7A815328D6100AEF65E /* Release */ = {
			isa = XCBuildConfiguration;
			buildSettings = {
				GCC_PRECOMPILE_PREFIX_HEADER = YES;
				GCC_PREFIX_HEADER = "Calculator/Calculator-Prefix.pch";
				INFOPLIST_FILE = "Calculator/Calculator-Info.plist";
				PRODUCT_NAME = "$(TARGET_NAME)";
				WRAPPER_EXTENSION = app;
			};
			name = Release;
		};
/* End XCBuildConfiguration section */

/* Begin XCConfigurationList section */
		9937D78215328D6100AEF65E /* Build configuration list for PBXProject "Calculator" */ = {
			isa = XCConfigurationList;
			buildConfigurations = (
				9937D7A415328D6100AEF65E /* Debug */,
				9937D7A515328D6100AEF65E /* Release */,
			);
			defaultConfigurationIsVisible = 0;
			defaultConfigurationName = Release;
		};
		9937D7A615328D6100AEF65E /* Build configuration list for PBXNativeTarget "Calculator" */ = {
			isa = XCConfigurationList;
			buildConfigurations = (
				9937D7A715328D6100AEF65E /* Debug */,
				9937D7A815328D6100AEF65E /* Release */,
			);
			defaultConfigurationIsVisible = 0;
		};
/* End XCConfigurationList section */
	};
	rootObject = 9937D77F15328D6100AEF65E /* Project object */;
}
